
Microsoft Visual Studio Solution File, Format Version 12.00
Project("{FAE04EC0-301F-11D3-BF4B-00C04F79EFBC}") = "Loggi.NetSDK", "Loggi.NetSDK\Loggi.NetSDK.csproj", "{3AB44177-C45D-4C72-9FD3-4F1968DC509D}"
EndProject
Project("{FAE04EC0-301F-11D3-BF4B-00C04F79EFBC}") = "LoggiTests", "LoggiTests\LoggiTests.csproj", "{D3C25754-DA45-40CB-AC01-C4C60A042DF7}"
EndProject
Global
	GlobalSection(SolutionConfigurationPlatforms) = preSolution
		Debug|Any CPU = Debug|Any CPU
		Release|Any CPU = Release|Any CPU
	EndGlobalSection
	GlobalSection(ProjectConfigurationPlatforms) = postSolution
		{3AB44177-C45D-4C72-9FD3-4F1968DC509D}.Debug|Any CPU.ActiveCfg = Debug|Any CPU
		{3AB44177-C45D-4C72-9FD3-4F1968DC509D}.Debug|Any CPU.Build.0 = Debug|Any CPU
		{3AB44177-C45D-4C72-9FD3-4F1968DC509D}.Release|Any CPU.ActiveCfg = Release|Any CPU
		{3AB44177-C45D-4C72-9FD3-4F1968DC509D}.Release|Any CPU.Build.0 = Release|Any CPU
		{D3C25754-DA45-40CB-AC01-C4C60A042DF7}.Debug|Any CPU.ActiveCfg = Debug|Any CPU
		{D3C25754-DA45-40CB-AC01-C4C60A042DF7}.Debug|Any CPU.Build.0 = Debug|Any CPU
		{D3C25754-DA45-40CB-AC01-C4C60A042DF7}.Release|Any CPU.ActiveCfg = Release|Any CPU
		{D3C25754-DA45-40CB-AC01-C4C60A042DF7}.Release|Any CPU.Build.0 = Release|Any CPU
	EndGlobalSection
EndGlobal
